
Microsoft Visual Studio Solution File, Format Version 12.00
# Visual Studio Version 17
VisualStudioVersion = 17.9.34607.119
MinimumVisualStudioVersion = 10.0.40219.1
Project("{8BC9CEB8-8B4A-11D0-8D11-00A0C91BC942}") = "соня", "соня\соня.vcxproj", "{02908EAE-D2CF-4661-90F0-A8AAA7CDB692}"
EndProject
Global
	GlobalSection(SolutionConfigurationPlatforms) = preSolution
		Debug|x64 = Debug|x64
		Debug|x86 = Debug|x86
		Release|x64 = Release|x64
		Release|x86 = Release|x86
	EndGlobalSection
	GlobalSection(ProjectConfigurationPlatforms) = postSolution
		{02908EAE-D2CF-4661-90F0-A8AAA7CDB692}.Debug|x64.ActiveCfg = Debug|x64
		{02908EAE-D2CF-4661-90F0-A8AAA7CDB692}.Debug|x64.Build.0 = Debug|x64
		{02908EAE-D2CF-4661-90F0-A8AAA7CDB692}.Debug|x86.ActiveCfg = Debug|Win32
		{02908EAE-D2CF-4661-90F0-A8AAA7CDB692}.Debug|x86.Build.0 = Debug|Win32
		{02908EAE-D2CF-4661-90F0-A8AAA7CDB692}.Release|x64.ActiveCfg = Release|x64
		{02908EAE-D2CF-4661-90F0-A8AAA7CDB692}.Release|x64.Build.0 = Release|x64
		{02908EAE-D2CF-4661-90F0-A8AAA7CDB692}.Release|x86.ActiveCfg = Release|Win32
		{02908EAE-D2CF-4661-90F0-A8AAA7CDB692}.Release|x86.Build.0 = Release|Win32
	EndGlobalSection
	GlobalSection(SolutionProperties) = preSolution
		HideSolutionNode = FALSE
	EndGlobalSection
	GlobalSection(ExtensibilityGlobals) = postSolution
		SolutionGuid = {DAEBBFC9-5EA9-4923-9B8B-EF9A27E8C407}
	EndGlobalSection
EndGlobal
